
Microsoft Visual Studio Solution File, Format Version 12.00
# Visual Studio 15
VisualStudioVersion = 15.0.28307.271
MinimumVisualStudioVersion = 10.0.40219.1
Project("{FAE04EC0-301F-11D3-BF4B-00C04F79EFBC}") = "HeapSort", "HeapSort\HeapSort.csproj", "{F23E4EBF-983B-49F0-93D7-E97115033CE4}"
EndProject
Global
	GlobalSection(SolutionConfigurationPlatforms) = preSolution
		Debug|Any CPU = Debug|Any CPU
		Release|Any CPU = Release|Any CPU
	EndGlobalSection
	GlobalSection(ProjectConfigurationPlatforms) = postSolution
		{F23E4EBF-983B-49F0-93D7-E97115033CE4}.Debug|Any CPU.ActiveCfg = Debug|Any CPU
		{F23E4EBF-983B-49F0-93D7-E97115033CE4}.Debug|Any CPU.Build.0 = Debug|Any CPU
		{F23E4EBF-983B-49F0-93D7-E97115033CE4}.Release|Any CPU.ActiveCfg = Release|Any CPU
		{F23E4EBF-983B-49F0-93D7-E97115033CE4}.Release|Any CPU.Build.0 = Release|Any CPU
	EndGlobalSection
	GlobalSection(SolutionProperties) = preSolution
		HideSolutionNode = FALSE
	EndGlobalSection
	GlobalSection(ExtensibilityGlobals) = postSolution
		SolutionGuid = {E590FF34-28F9-4527-AD83-1B56994BE108}
	EndGlobalSection
EndGlobal
